{
  "name": "vcards",
  "version": "1.0.0",
  "lockfileVersion": 3,
  "requires": true,
  "packages": {
    "": {
      "name": "vcards",
      "version": "1.0.0",
      "license": "MIT",
      "devDependencies": {
        "js-yaml": "^5.4.2",
        "pinyin-pro": "^3.27.0",
        "vcards-js": "^2.10.0",
        "zod": "^4.6.5"
      }
    },
    "node_modules/argparse": {
      "version": "2.0.1",
      "resolved": "https://registry.npmjs.org/argparse/-/argparse-2.0.1.tgz",
      "integrity": "sha512-8+9WqebbFzpX9OR+Wa6O29asIogeRMzcGtAINdpMHHyAg10f05aSFVBbcEqGf/PXw1EjAZ+q2/bEBg3DvurK3Q==",
      "dev": true,
      "license": "Python-2.0"
    },
    "node_modules/js-yaml": {
      "version": "5.4.2",
      "resolved": "https://registry.npmjs.org/js-yaml/-/js-yaml-5.4.2.tgz",
      "integrity": "sha512-m+aqu+LwO1O6sIopafj8HUVl5aawITwZQe/yHpMCKjaWBaA/d07B/QdMb3529REftiU+RMMHL3Vlsw3hON7vWg==",
      "dev": true,
      "funding": [
        {
          "type": "github",
          "url": "https://github.com/sponsors/puzrin"
        },
        {
          "type": "github",
          "url": "https://github.com/sponsors/nodeca"
        }
      ],
      "license": "MIT",
      "dependencies": {
        "argparse": "^2.0.1"
      },
      "bin": {
        "js-yaml": "bin/js-yaml.mjs"
      }
    },
    "node_modules/pinyin-pro": {
      "version": "3.29.4",
      "resolved": "https://registry.npmjs.org/pinyin-pro/-/pinyin-pro-3.29.4.tgz",
      "integrity": "sha512-SPXpDT2cHEy+d26V1RXYMlVzXN42hotFAak1fzyWPi4o2dKXb61UqD4pzxDJHwk6gbv8vQ6EfErd+hYX0Qhzug==",
      "dev": true,
      "license": "MIT"
    },
    "node_modules/vcards-js": {
      "version": "2.11.1",
      "resolved": "https://registry.npmjs.org/vcards-js/-/vcards-js-2.11.1.tgz",
      "integrity": "sha512-2ZfexhjC4lJXcxKaskOL6tN6SRNHperqmuYXiolwyA0WE0E4xO5X22gp29ljLIZtPcIS3/zFwQZmqqjyFoPu1Q==",
      "dev": true,
      "license": "MIT"
    },
    "node_modules/zod": {
      "version": "4.6.5",
      "resolved": "https://registry.npmjs.org/zod/-/zod-4.6.5.tgz",
      "integrity": "sha512-v5l/aFXZQeai4awLbOpSoHecE9UiMrnfx75tEXLjNonXVARxQ5mOeipTjROUchszUNCqnE+hqAMujRsRHsut2Q==",
      "dev": true,
      "license": "MIT",
      "funding": {
        "url": "https://github.com/sponsors/colinhacks"
      }
    }
  }
}
